// !$*UTF8*$!
{
	archiveVersion = 1;
	classes = {
	};
	objectVersion = 46;
	objects = {

/* Begin PBXBuildFile section */
		543BB70FA647CDDA5F23CED9 /* Pods_Animations.framework in Frameworks */ = {isa = PBXBuildFile; fileRef = 3E81C5BD900DFED546E819CC /* Pods_Animations.framework */; };
		90A1FE011E980A650010CC54 /* AppDelegate.swift in Sources */ = {isa = PBXBuildFile; fileRef = 90A1FE001E980A650010CC54 /* AppDelegate.swift */; };
		90A1FE031E980A650010CC54 /* ViewController.swift in Sources */ = {isa = PBXBuildFile; fileRef = 90A1FE021E980A650010CC54 /* ViewController.swift */; };
		90A1FE061E980A650010CC54 /* Main.storyboard in Resources */ = {isa = PBXBuildFile; fileRef = 90A1FE041E980A650010CC54 /* Main.storyboard */; };
		90A1FE081E980A650010CC54 /* Assets.xcassets in Resources */ = {isa = PBXBuildFile; fileRef = 90A1FE071E980A650010CC54 /* Assets.xcassets */; };
		90A1FE0B1E980A650010CC54 /* LaunchScreen.storyboard in Resources */ = {isa = PBXBuildFile; fileRef = 90A1FE091E980A650010CC54 /* LaunchScreen.storyboard */; };
		90A7FC421EBB7B5A0036F4CB /* LoadingView.xib in Resources */ = {isa = PBXBuildFile; fileRef = 90A7FC411EBB7B5A0036F4CB /* LoadingView.xib */; };
		90A7FC441EBB7B850036F4CB /* LoadingView.swift in Sources */ = {isa = PBXBuildFile; fileRef = 90A7FC431EBB7B850036F4CB /* LoadingView.swift */; };
		90A7FC461EBB7BE30036F4CB /* LoadingAnimation.swift in Sources */ = {isa = PBXBuildFile; fileRef = 90A7FC451EBB7BE30036F4CB /* LoadingAnimation.swift */; };
/* End PBXBuildFile section */

/* Begin PBXFileReference section */
		3E81C5BD900DFED546E819CC /* Pods_Animations.framework */ = {isa = PBXFileReference; explicitFileType = wrapper.framework; includeInIndex = 0; path = Pods_Animations.framework; sourceTree = BUILT_PRODUCTS_DIR; };
		90A1FDFD1E980A650010CC54 /* Animations.app */ = {isa = PBXFileReference; explicitFileType = wrapper.application; includeInIndex = 0; path = Animations.app; sourceTree = BUILT_PRODUCTS_DIR; };
		90A1FE001E980A650010CC54 /* AppDelegate.swift */ = {isa = PBXFileReference; lastKnownFileType = sourcecode.swift; path = AppDelegate.swift; sourceTree = "<group>"; };
		90A1FE021E980A650010CC54 /* ViewController.swift */ = {isa = PBXFileReference; lastKnownFileType = sourcecode.swift; path = ViewController.swift; sourceTree = "<group>"; };
		90A1FE051E980A650010CC54 /* Base */ = {isa = PBXFileReference; lastKnownFileType = file.storyboard; name = Base; path = Base.lproj/Main.storyboard; sourceTree = "<group>"; };
		90A1FE071E980A650010CC54 /* Assets.xcassets */ = {isa = PBXFileReference; lastKnownFileType = folder.assetcatalog; path = Assets.xcassets; sourceTree = "<group>"; };
		90A1FE0A1E980A650010CC54 /* Base */ = {isa = PBXFileReference; lastKnownFileType = file.storyboard; name = Base; path = Base.lproj/LaunchScreen.storyboard; sourceTree = "<group>"; };
		90A1FE0C1E980A650010CC54 /* Info.plist */ = {isa = PBXFileReference; lastKnownFileType = text.plist.xml; path = Info.plist; sourceTree = "<group>"; };
		90A7FC411EBB7B5A0036F4CB /* LoadingView.xib */ = {isa = PBXFileReference; fileEncoding = 4; lastKnownFileType = file.xib; path = LoadingView.xib; sourceTree = "<group>"; };
		90A7FC431EBB7B850036F4CB /* LoadingView.swift */ = {isa = PBXFileReference; fileEncoding = 4; lastKnownFileType = sourcecode.swift; path = LoadingView.swift; sourceTree = "<group>"; };
		90A7FC451EBB7BE30036F4CB /* LoadingAnimation.swift */ = {isa = PBXFileReference; fileEncoding = 4; lastKnownFileType = sourcecode.swift; path = LoadingAnimation.swift; sourceTree = "<group>"; };
		A0A56D9C7E158F1FFB6D59A6 /* Pods-Animations.debug.xcconfig */ = {isa = PBXFileReference; includeInIndex = 1; lastKnownFileType = text.xcconfig; name = "Pods-Animations.debug.xcconfig"; path = "Pods/Target Support Files/Pods-Animations/Pods-Animations.debug.xcconfig"; sourceTree = "<group>"; };
		F0F60FB52777D6107FB18E57 /* Pods-Animations.release.xcconfig */ = {isa = PBXFileReference; includeInIndex = 1; lastKnownFileType = text.xcconfig; name = "Pods-Animations.release.xcconfig"; path = "Pods/Target Support Files/Pods-Animations/Pods-Animations.release.xcconfig"; sourceTree = "<group>"; };
/* End PBXFileReference section */

/* Begin PBXFrameworksBuildPhase section */
		90A1FDFA1E980A640010CC54 /* Frameworks */ = {
			isa = PBXFrameworksBuildPhase;
			buildActionMask = 2147483647;
			files = (
				543BB70FA647CDDA5F23CED9 /* Pods_Animations.framework in Frameworks */,
			);
			runOnlyForDeploymentPostprocessing = 0;
		};
/* End PBXFrameworksBuildPhase section */

/* Begin PBXGroup section */
		0858949AC35204362D35FF9C /* Frameworks */ = {
			isa = PBXGroup;
			children = (
				3E81C5BD900DFED546E819CC /* Pods_Animations.framework */,
			);
			name = Frameworks;
			sourceTree = "<group>";
		};
		90A1FDF41E980A640010CC54 = {
			isa = PBXGroup;
			children = (
				90A1FDFF1E980A650010CC54 /* Animations */,
				90A1FDFE1E980A650010CC54 /* Products */,
				FCD612DA15F4A638440D1A61 /* Pods */,
				0858949AC35204362D35FF9C /* Frameworks */,
			);
			sourceTree = "<group>";
		};
		90A1FDFE1E980A650010CC54 /* Products */ = {
			isa = PBXGroup;
			children = (
				90A1FDFD1E980A650010CC54 /* Animations.app */,
			);
			name = Products;
			sourceTree = "<group>";
		};
		90A1FDFF1E980A650010CC54 /* Animations */ = {
			isa = PBXGroup;
			children = (
				90A1FE001E980A650010CC54 /* AppDelegate.swift */,
				90A1FE021E980A650010CC54 /* ViewController.swift */,
				90A1FE041E980A650010CC54 /* Main.storyboard */,
				90A1FE071E980A650010CC54 /* Assets.xcassets */,
				90A7FC431EBB7B850036F4CB /* LoadingView.swift */,
				90A7FC451EBB7BE30036F4CB /* LoadingAnimation.swift */,
				90A7FC411EBB7B5A0036F4CB /* LoadingView.xib */,
				90A1FE091E980A650010CC54 /* LaunchScreen.storyboard */,
				90A1FE0C1E980A650010CC54 /* Info.plist */,
			);
			path = Animations;
			sourceTree = "<group>";
		};
		FCD612DA15F4A638440D1A61 /* Pods */ = {
			isa = PBXGroup;
			children = (
				A0A56D9C7E158F1FFB6D59A6 /* Pods-Animations.debug.xcconfig */,
				F0F60FB52777D6107FB18E57 /* Pods-Animations.release.xcconfig */,
			);
			name = Pods;
			sourceTree = "<group>";
		};
/* End PBXGroup section */

/* Begin PBXNativeTarget section */
		90A1FDFC1E980A640010CC54 /* Animations */ = {
			isa = PBXNativeTarget;
			buildConfigurationList = 90A1FE0F1E980A650010CC54 /* Build configuration list for PBXNativeTarget "Animations" */;
			buildPhases = (
				499BAD37E15BC5025973E356 /* [CP] Check Pods Manifest.lock */,
				90A1FDF91E980A640010CC54 /* Sources */,
				90A1FDFA1E980A640010CC54 /* Frameworks */,
				90A1FDFB1E980A640010CC54 /* Resources */,
				E9589135C3BADCFB44D8AB04 /* [CP] Embed Pods Frameworks */,
				AAE328C6CFE552A11533D386 /* [CP] Copy Pods Resources */,
			);
			buildRules = (
			);
			dependencies = (
			);
			name = Animations;
			productName = Animations;
			productReference = 90A1FDFD1E980A650010CC54 /* Animations.app */;
			productType = "com.apple.product-type.application";
		};
/* End PBXNativeTarget section */

/* Begin PBXProject section */
		90A1FDF51E980A640010CC54 /* Project object */ = {
			isa = PBXProject;
			attributes = {
				LastSwiftUpdateCheck = 0820;
				LastUpgradeCheck = 0820;
				ORGANIZATIONNAME = "Andrii Halabuda";
				TargetAttributes = {
					90A1FDFC1E980A640010CC54 = {
						CreatedOnToolsVersion = 8.2.1;
						DevelopmentTeam = PTRW36GG78;
						ProvisioningStyle = Automatic;
					};
				};
			};
			buildConfigurationList = 90A1FDF81E980A640010CC54 /* Build configuration list for PBXProject "Animations" */;
			compatibilityVersion = "Xcode 3.2";
			developmentRegion = English;
			hasScannedForEncodings = 0;
			knownRegions = (
				en,
				Base,
			);
			mainGroup = 90A1FDF41E980A640010CC54;
			productRefGroup = 90A1FDFE1E980A650010CC54 /* Products */;
			projectDirPath = "";
			projectRoot = "";
			targets = (
				90A1FDFC1E980A640010CC54 /* Animations */,
			);
		};
/* End PBXProject section */

/* Begin PBXResourcesBuildPhase section */
		90A1FDFB1E980A640010CC54 /* Resources */ = {
			isa = PBXResourcesBuildPhase;
			buildActionMask = 2147483647;
			files = (
				90A1FE0B1E980A650010CC54 /* LaunchScreen.storyboard in Resources */,
				90A1FE081E980A650010CC54 /* Assets.xcassets in Resources */,
				90A1FE061E980A650010CC54 /* Main.storyboard in Resources */,
				90A7FC421EBB7B5A0036F4CB /* LoadingView.xib in Resources */,
			);
			runOnlyForDeploymentPostprocessing = 0;
		};
/* End PBXResourcesBuildPhase section */

/* Begin PBXShellScriptBuildPhase section */
		499BAD37E15BC5025973E356 /* [CP] Check Pods Manifest.lock */ = {
			isa = PBXShellScriptBuildPhase;
			buildActionMask = 2147483647;
			files = (
			);
			inputPaths = (
			);
			name = "[CP] Check Pods Manifest.lock";
			outputPaths = (
			);
			runOnlyForDeploymentPostprocessing = 0;
			shellPath = /bin/sh;
			shellScript = "diff \"${PODS_ROOT}/../Podfile.lock\" \"${PODS_ROOT}/Manifest.lock\" > /dev/null\nif [ $? != 0 ] ; then\n    # print error to STDERR\n    echo \"error: The sandbox is not in sync with the Podfile.lock. Run 'pod install' or update your CocoaPods installation.\" >&2\n    exit 1\nfi\n";
			showEnvVarsInLog = 0;
		};
		AAE328C6CFE552A11533D386 /* [CP] Copy Pods Resources */ = {
			isa = PBXShellScriptBuildPhase;
			buildActionMask = 2147483647;
			files = (
			);
			inputPaths = (
			);
			name = "[CP] Copy Pods Resources";
			outputPaths = (
			);
			runOnlyForDeploymentPostprocessing = 0;
			shellPath = /bin/sh;
			shellScript = "\"${SRCROOT}/Pods/Target Support Files/Pods-Animations/Pods-Animations-resources.sh\"\n";
			showEnvVarsInLog = 0;
		};
		E9589135C3BADCFB44D8AB04 /* [CP] Embed Pods Frameworks */ = {
			isa = PBXShellScriptBuildPhase;
			buildActionMask = 2147483647;
			files = (
			);
			inputPaths = (
			);
			name = "[CP] Embed Pods Frameworks";
			outputPaths = (
			);
			runOnlyForDeploymentPostprocessing = 0;
			shellPath = /bin/sh;
			shellScript = "\"${SRCROOT}/Pods/Target Support Files/Pods-Animations/Pods-Animations-frameworks.sh\"\n";
			showEnvVarsInLog = 0;
		};
/* End PBXShellScriptBuildPhase section */

/* Begin PBXSourcesBuildPhase section */
		90A1FDF91E980A640010CC54 /* Sources */ = {
			isa = PBXSourcesBuildPhase;
			buildActionMask = 2147483647;
			files = (
				90A1FE031E980A650010CC54 /* ViewController.swift in Sources */,
				90A1FE011E980A650010CC54 /* AppDelegate.swift in Sources */,
				90A7FC441EBB7B850036F4CB /* LoadingView.swift in Sources */,
				90A7FC461EBB7BE30036F4CB /* LoadingAnimation.swift in Sources */,
			);
			runOnlyForDeploymentPostprocessing = 0;
		};
/* End PBXSourcesBuildPhase section */

/* Begin PBXVariantGroup section */
		90A1FE041E980A650010CC54 /* Main.storyboard */ = {
			isa = PBXVariantGroup;
			children = (
				90A1FE051E980A650010CC54 /* Base */,
			);
			name = Main.storyboard;
			sourceTree = "<group>";
		};
		90A1FE091E980A650010CC54 /* LaunchScreen.storyboard */ = {
			isa = PBXVariantGroup;
			children = (
				90A1FE0A1E980A650010CC54 /* Base */,
			);
			name = LaunchScreen.storyboard;
			sourceTree = "<group>";
		};
/* End PBXVariantGroup section */

/* Begin XCBuildConfiguration section */
		90A1FE0D1E980A650010CC54 /* Debug */ = {
			isa = XCBuildConfiguration;
			buildSettings = {
				ALWAYS_SEARCH_USER_PATHS = NO;
				CLANG_ANALYZER_NONNULL = YES;
				CLANG_CXX_LANGUAGE_STANDARD = "gnu++0x";
				CLANG_CXX_LIBRARY = "libc++";
				CLANG_ENABLE_MODULES = YES;
				CLANG_ENABLE_OBJC_ARC = YES;
				CLANG_WARN_BOOL_CONVERSION = YES;
				CLANG_WARN_CONSTANT_CONVERSION = YES;
				CLANG_WARN_DIRECT_OBJC_ISA_USAGE = YES_ERROR;
				CLANG_WARN_DOCUMENTATION_COMMENTS = YES;
				CLANG_WARN_EMPTY_BODY = YES;
				CLANG_WARN_ENUM_CONVERSION = YES;
				CLANG_WARN_INFINITE_RECURSION = YES;
				CLANG_WARN_INT_CONVERSION = YES;
				CLANG_WARN_OBJC_ROOT_CLASS = YES_ERROR;
				CLANG_WARN_SUSPICIOUS_MOVE = YES;
				CLANG_WARN_UNREACHABLE_CODE = YES;
				CLANG_WARN__DUPLICATE_METHOD_MATCH = YES;
				"CODE_SIGN_IDENTITY[sdk=iphoneos*]" = "iPhone Developer";
				COPY_PHASE_STRIP = NO;
				DEBUG_INFORMATION_FORMAT = dwarf;
				ENABLE_STRICT_OBJC_MSGSEND = YES;
				ENABLE_TESTABILITY = YES;
				GCC_C_LANGUAGE_STANDARD = gnu99;
				GCC_DYNAMIC_NO_PIC = NO;
				GCC_NO_COMMON_BLOCKS = YES;
				GCC_OPTIMIZATION_LEVEL = 0;
				GCC_PREPROCESSOR_DEFINITIONS = (
					"DEBUG=1",
					"$(inherited)",
				);
				GCC_WARN_64_TO_32_BIT_CONVERSION = YES;
				GCC_WARN_ABOUT_RETURN_TYPE = YES_ERROR;
				GCC_WARN_UNDECLARED_SELECTOR = YES;
				GCC_WARN_UNINITIALIZED_AUTOS = YES_AGGRESSIVE;
				GCC_WARN_UNUSED_FUNCTION = YES;
				GCC_WARN_UNUSED_VARIABLE = YES;
				IPHONEOS_DEPLOYMENT_TARGET = 10.2;
				MTL_ENABLE_DEBUG_INFO = YES;
				ONLY_ACTIVE_ARCH = YES;
				SDKROOT = iphoneos;
				SWIFT_ACTIVE_COMPILATION_CONDITIONS = DEBUG;
				SWIFT_OPTIMIZATION_LEVEL = "-Onone";
				TARGETED_DEVICE_FAMILY = "1,2";
			};
			name = Debug;
		};
		90A1FE0E1E980A650010CC54 /* Release */ = {
			isa = XCBuildConfiguration;
			buildSettings = {
				ALWAYS_SEARCH_USER_PATHS = NO;
				CLANG_ANALYZER_NONNULL = YES;
				CLANG_CXX_LANGUAGE_STANDARD = "gnu++0x";
				CLANG_CXX_LIBRARY = "libc++";
				CLANG_ENABLE_MODULES = YES;
				CLANG_ENABLE_OBJC_ARC = YES;
				CLANG_WARN_BOOL_CONVERSION = YES;
				CLANG_WARN_CONSTANT_CONVERSION = YES;
				CLANG_WARN_DIRECT_OBJC_ISA_USAGE = YES_ERROR;
				CLANG_WARN_DOCUMENTATION_COMMENTS = YES;
				CLANG_WARN_EMPTY_BODY = YES;
				CLANG_WARN_ENUM_CONVERSION = YES;
				CLANG_WARN_INFINITE_RECURSION = YES;
				CLANG_WARN_INT_CONVERSION = YES;
				CLANG_WARN_OBJC_ROOT_CLASS = YES_ERROR;
				CLANG_WARN_SUSPICIOUS_MOVE = YES;
				CLANG_WARN_UNREACHABLE_CODE = YES;
				CLANG_WARN__DUPLICATE_METHOD_MATCH = YES;
				"CODE_SIGN_IDENTITY[sdk=iphoneos*]" = "iPhone Developer";
				COPY_PHASE_STRIP = NO;
				DEBUG_INFORMATION_FORMAT = "dwarf-with-dsym";
				ENABLE_NS_ASSERTIONS = NO;
				ENABLE_STRICT_OBJC_MSGSEND = YES;
				GCC_C_LANGUAGE_STANDARD = gnu99;
				GCC_NO_COMMON_BLOCKS = YES;
				GCC_WARN_64_TO_32_BIT_CONVERSION = YES;
				GCC_WARN_ABOUT_RETURN_TYPE = YES_ERROR;
				GCC_WARN_UNDECLARED_SELECTOR = YES;
				GCC_WARN_UNINITIALIZED_AUTOS = YES_AGGRESSIVE;
				GCC_WARN_UNUSED_FUNCTION = YES;
				GCC_WARN_UNUSED_VARIABLE = YES;
				IPHONEOS_DEPLOYMENT_TARGET = 10.2;
				MTL_ENABLE_DEBUG_INFO = NO;
				SDKROOT = iphoneos;
				SWIFT_OPTIMIZATION_LEVEL = "-Owholemodule";
				TARGETED_DEVICE_FAMILY = "1,2";
				VALIDATE_PRODUCT = YES;
			};
			name = Release;
		};
		90A1FE101E980A650010CC54 /* Debug */ = {
			isa = XCBuildConfiguration;
			baseConfigurationReference = A0A56D9C7E158F1FFB6D59A6 /* Pods-Animations.debug.xcconfig */;
			buildSettings = {
				ASSETCATALOG_COMPILER_APPICON_NAME = AppIcon;
				DEVELOPMENT_TEAM = PTRW36GG78;
				INFOPLIST_FILE = Animations/Info.plist;
				LD_RUNPATH_SEARCH_PATHS = "$(inherited) @executable_path/Frameworks";
				PRODUCT_BUNDLE_IDENTIFIER = com.losAngelesBoy.Animations;
				PRODUCT_NAME = "$(TARGET_NAME)";
				SWIFT_VERSION = 3.0;
			};
			name = Debug;
		};
		90A1FE111E980A650010CC54 /* Release */ = {
			isa = XCBuildConfiguration;
			baseConfigurationReference = F0F60FB52777D6107FB18E57 /* Pods-Animations.release.xcconfig */;
			buildSettings = {
				ASSETCATALOG_COMPILER_APPICON_NAME = AppIcon;
				DEVELOPMENT_TEAM = PTRW36GG78;
				INFOPLIST_FILE = Animations/Info.plist;
				LD_RUNPATH_SEARCH_PATHS = "$(inherited) @executable_path/Frameworks";
				PRODUCT_BUNDLE_IDENTIFIER = com.losAngelesBoy.Animations;
				PRODUCT_NAME = "$(TARGET_NAME)";
				SWIFT_VERSION = 3.0;
			};
			name = Release;
		};
/* End XCBuildConfiguration section */

/* Begin XCConfigurationList section */
		90A1FDF81E980A640010CC54 /* Build configuration list for PBXProject "Animations" */ = {
			isa = XCConfigurationList;
			buildConfigurations = (
				90A1FE0D1E980A650010CC54 /* Debug */,
				90A1FE0E1E980A650010CC54 /* Release */,
			);
			defaultConfigurationIsVisible = 0;
			defaultConfigurationName = Release;
		};
		90A1FE0F1E980A650010CC54 /* Build configuration list for PBXNativeTarget "Animations" */ = {
			isa = XCConfigurationList;
			buildConfigurations = (
				90A1FE101E980A650010CC54 /* Debug */,
				90A1FE111E980A650010CC54 /* Release */,
			);
			defaultConfigurationIsVisible = 0;
			defaultConfigurationName = Release;
		};
/* End XCConfigurationList section */
	};
	rootObject = 90A1FDF51E980A640010CC54 /* Project object */;
}
